
Microsoft Visual Studio Solution File, Format Version 12.00
# Visual Studio Version 16
VisualStudioVersion = 16.0.30907.101
MinimumVisualStudioVersion = 10.0.40219.1
Project("{9A19103F-16F7-4668-BE54-9A1E7A4F7556}") = "UserJourney", "UserJourney\UserJourney.csproj", "{0E97319E-8035-44DF-93C7-3565ECCC3F75}"
EndProject
Project("{9A19103F-16F7-4668-BE54-9A1E7A4F7556}") = "Flowchart", "Flowchart\Flowchart.csproj", "{EF5280DD-10E2-42F5-993F-2380B71EBF6D}"
EndProject
Project("{FAE04EC0-301F-11D3-BF4B-00C04F79EFBC}") = "DrawMermaid", "DrawMermaid\DrawMermaid.csproj", "{77958B92-5EF5-4A26-8D09-96CE5A2BDEDC}"
EndProject
Global
	GlobalSection(SolutionConfigurationPlatforms) = preSolution
		Debug|Any CPU = Debug|Any CPU
		Release|Any CPU = Release|Any CPU
	EndGlobalSection
	GlobalSection(ProjectConfigurationPlatforms) = postSolution
		{0E97319E-8035-44DF-93C7-3565ECCC3F75}.Debug|Any CPU.ActiveCfg = Debug|Any CPU
		{0E97319E-8035-44DF-93C7-3565ECCC3F75}.Debug|Any CPU.Build.0 = Debug|Any CPU
		{0E97319E-8035-44DF-93C7-3565ECCC3F75}.Release|Any CPU.ActiveCfg = Release|Any CPU
		{0E97319E-8035-44DF-93C7-3565ECCC3F75}.Release|Any CPU.Build.0 = Release|Any CPU
		{EF5280DD-10E2-42F5-993F-2380B71EBF6D}.Debug|Any CPU.ActiveCfg = Debug|Any CPU
		{EF5280DD-10E2-42F5-993F-2380B71EBF6D}.Debug|Any CPU.Build.0 = Debug|Any CPU
		{EF5280DD-10E2-42F5-993F-2380B71EBF6D}.Release|Any CPU.ActiveCfg = Release|Any CPU
		{EF5280DD-10E2-42F5-993F-2380B71EBF6D}.Release|Any CPU.Build.0 = Release|Any CPU
		{77958B92-5EF5-4A26-8D09-96CE5A2BDEDC}.Debug|Any CPU.ActiveCfg = Debug|Any CPU
		{77958B92-5EF5-4A26-8D09-96CE5A2BDEDC}.Debug|Any CPU.Build.0 = Debug|Any CPU
		{77958B92-5EF5-4A26-8D09-96CE5A2BDEDC}.Release|Any CPU.ActiveCfg = Release|Any CPU
		{77958B92-5EF5-4A26-8D09-96CE5A2BDEDC}.Release|Any CPU.Build.0 = Release|Any CPU
	EndGlobalSection
	GlobalSection(SolutionProperties) = preSolution
		HideSolutionNode = FALSE
	EndGlobalSection
	GlobalSection(ExtensibilityGlobals) = postSolution
		SolutionGuid = {14198273-0F91-4E3D-8452-B79042AE0C8B}
	EndGlobalSection
EndGlobal
