
Microsoft Visual Studio Solution File, Format Version 12.00
# Visual Studio Version 16
VisualStudioVersion = 16.0.29709.97
MinimumVisualStudioVersion = 10.0.40219.1
Project("{FAE04EC0-301F-11D3-BF4B-00C04F79EFBC}") = "DataStructures", "DataStructures\DataStructures.csproj", "{2CB96F0D-80CA-4353-B49A-DEB88D36E19A}"
EndProject
Global
	GlobalSection(SolutionConfigurationPlatforms) = preSolution
		Debug|Any CPU = Debug|Any CPU
		Release|Any CPU = Release|Any CPU
	EndGlobalSection
	GlobalSection(ProjectConfigurationPlatforms) = postSolution
		{2CB96F0D-80CA-4353-B49A-DEB88D36E19A}.Debug|Any CPU.ActiveCfg = Debug|Any CPU
		{2CB96F0D-80CA-4353-B49A-DEB88D36E19A}.Debug|Any CPU.Build.0 = Debug|Any CPU
		{2CB96F0D-80CA-4353-B49A-DEB88D36E19A}.Release|Any CPU.ActiveCfg = Release|Any CPU
		{2CB96F0D-80CA-4353-B49A-DEB88D36E19A}.Release|Any CPU.Build.0 = Release|Any CPU
	EndGlobalSection
	GlobalSection(SolutionProperties) = preSolution
		HideSolutionNode = FALSE
	EndGlobalSection
	GlobalSection(ExtensibilityGlobals) = postSolution
		SolutionGuid = {0C6F893F-DB18-4A48-B810-23DF19C217F8}
	EndGlobalSection
EndGlobal
